// !$*UTF8*$!
{
	archiveVersion = 1;
	classes = {
	};
	objectVersion = 46;
	objects = {

/* Begin PBXBuildFile section */
		2157EFBA1A317A5C008D5CFE /* Main.storyboard in Resources */ = {isa = PBXBuildFile; fileRef = 2157EFB81A317A5C008D5CFE /* Main.storyboard */; };
		2157EFBD1A317BCB008D5CFE /* ListViewController.m in Sources */ = {isa = PBXBuildFile; fileRef = 2157EFBC1A317BCB008D5CFE /* ListViewController.m */; };
		21ABD6EB1A32A85100D87112 /* PlayMusic.m in Sources */ = {isa = PBXBuildFile; fileRef = 21ABD6EA1A32A85100D87112 /* PlayMusic.m */; };
		21ABD7141A35A3FE00D87112 /* AFHTTPRequestOperation.m in Sources */ = {isa = PBXBuildFile; fileRef = 21ABD7021A35A3FE00D87112 /* AFHTTPRequestOperation.m */; };
		21ABD7151A35A3FE00D87112 /* AFHTTPRequestOperationManager.m in Sources */ = {isa = PBXBuildFile; fileRef = 21ABD7041A35A3FE00D87112 /* AFHTTPRequestOperationManager.m */; };
		21ABD7161A35A3FE00D87112 /* AFHTTPSessionManager.m in Sources */ = {isa = PBXBuildFile; fileRef = 21ABD7061A35A3FE00D87112 /* AFHTTPSessionManager.m */; };
		21ABD7171A35A3FE00D87112 /* AFNetworkReachabilityManager.m in Sources */ = {isa = PBXBuildFile; fileRef = 21ABD7091A35A3FE00D87112 /* AFNetworkReachabilityManager.m */; };
		21ABD7181A35A3FE00D87112 /* AFSecurityPolicy.m in Sources */ = {isa = PBXBuildFile; fileRef = 21ABD70B1A35A3FE00D87112 /* AFSecurityPolicy.m */; };
		21ABD7191A35A3FE00D87112 /* AFURLConnectionOperation.m in Sources */ = {isa = PBXBuildFile; fileRef = 21ABD70D1A35A3FE00D87112 /* AFURLConnectionOperation.m */; };
		21ABD71A1A35A3FE00D87112 /* AFURLRequestSerialization.m in Sources */ = {isa = PBXBuildFile; fileRef = 21ABD70F1A35A3FE00D87112 /* AFURLRequestSerialization.m */; };
		21ABD71B1A35A3FE00D87112 /* AFURLResponseSerialization.m in Sources */ = {isa = PBXBuildFile; fileRef = 21ABD7111A35A3FE00D87112 /* AFURLResponseSerialization.m */; };
		21ABD71C1A35A3FE00D87112 /* AFURLSessionManager.m in Sources */ = {isa = PBXBuildFile; fileRef = 21ABD7131A35A3FE00D87112 /* AFURLSessionManager.m */; };
		21ABD72F1A35BD8C00D87112 /* AFNetworkActivityIndicatorManager.m in Sources */ = {isa = PBXBuildFile; fileRef = 21ABD71F1A35BD8C00D87112 /* AFNetworkActivityIndicatorManager.m */; };
		21ABD7301A35BD8C00D87112 /* UIActivityIndicatorView+AFNetworking.m in Sources */ = {isa = PBXBuildFile; fileRef = 21ABD7211A35BD8C00D87112 /* UIActivityIndicatorView+AFNetworking.m */; };
		21ABD7311A35BD8C00D87112 /* UIAlertView+AFNetworking.m in Sources */ = {isa = PBXBuildFile; fileRef = 21ABD7231A35BD8C00D87112 /* UIAlertView+AFNetworking.m */; };
		21ABD7321A35BD8C00D87112 /* UIButton+AFNetworking.m in Sources */ = {isa = PBXBuildFile; fileRef = 21ABD7251A35BD8C00D87112 /* UIButton+AFNetworking.m */; };
		21ABD7331A35BD8C00D87112 /* UIImageView+AFNetworking.m in Sources */ = {isa = PBXBuildFile; fileRef = 21ABD7271A35BD8C00D87112 /* UIImageView+AFNetworking.m */; };
		21ABD7341A35BD8C00D87112 /* UIProgressView+AFNetworking.m in Sources */ = {isa = PBXBuildFile; fileRef = 21ABD72A1A35BD8C00D87112 /* UIProgressView+AFNetworking.m */; };
		21ABD7351A35BD8C00D87112 /* UIRefreshControl+AFNetworking.m in Sources */ = {isa = PBXBuildFile; fileRef = 21ABD72C1A35BD8C00D87112 /* UIRefreshControl+AFNetworking.m */; };
		21ABD7361A35BD8C00D87112 /* UIWebView+AFNetworking.m in Sources */ = {isa = PBXBuildFile; fileRef = 21ABD72E1A35BD8C00D87112 /* UIWebView+AFNetworking.m */; };
		21BBDE581A300CE90018FDB6 /* main.m in Sources */ = {isa = PBXBuildFile; fileRef = 21BBDE571A300CE90018FDB6 /* main.m */; };
		21BBDE5B1A300CE90018FDB6 /* AppDelegate.m in Sources */ = {isa = PBXBuildFile; fileRef = 21BBDE5A1A300CE90018FDB6 /* AppDelegate.m */; };
		21BBDE5E1A300CE90018FDB6 /* ViewController.m in Sources */ = {isa = PBXBuildFile; fileRef = 21BBDE5D1A300CE90018FDB6 /* ViewController.m */; };
		21BBDE631A300CE90018FDB6 /* Images.xcassets in Resources */ = {isa = PBXBuildFile; fileRef = 21BBDE621A300CE90018FDB6 /* Images.xcassets */; };
		21BBDE661A300CE90018FDB6 /* LaunchScreen.xib in Resources */ = {isa = PBXBuildFile; fileRef = 21BBDE641A300CE90018FDB6 /* LaunchScreen.xib */; };
		21BBDE721A300CE90018FDB6 /* DBRadioTests.m in Sources */ = {isa = PBXBuildFile; fileRef = 21BBDE711A300CE90018FDB6 /* DBRadioTests.m */; };
		21BBDE8D1A3032C80018FDB6 /* manager.m in Sources */ = {isa = PBXBuildFile; fileRef = 21BBDE8C1A3032C80018FDB6 /* manager.m */; };
/* End PBXBuildFile section */

/* Begin PBXContainerItemProxy section */
		21BBDE6C1A300CE90018FDB6 /* PBXContainerItemProxy */ = {
			isa = PBXContainerItemProxy;
			containerPortal = 21BBDE4A1A300CE90018FDB6 /* Project object */;
			proxyType = 1;
			remoteGlobalIDString = 21BBDE511A300CE90018FDB6;
			remoteInfo = DBRadio;
		};
/* End PBXContainerItemProxy section */

/* Begin PBXFileReference section */
		2157EFB91A317A5C008D5CFE /* Base */ = {isa = PBXFileReference; lastKnownFileType = file.storyboard; name = Base; path = Base.lproj/Main.storyboard; sourceTree = "<group>"; };
		2157EFBB1A317BCB008D5CFE /* ListViewController.h */ = {isa = PBXFileReference; fileEncoding = 4; lastKnownFileType = sourcecode.c.h; path = ListViewController.h; sourceTree = "<group>"; };
		2157EFBC1A317BCB008D5CFE /* ListViewController.m */ = {isa = PBXFileReference; fileEncoding = 4; lastKnownFileType = sourcecode.c.objc; path = ListViewController.m; sourceTree = "<group>"; };
		21ABD6E91A32A85100D87112 /* PlayMusic.h */ = {isa = PBXFileReference; fileEncoding = 4; lastKnownFileType = sourcecode.c.h; path = PlayMusic.h; sourceTree = "<group>"; };
		21ABD6EA1A32A85100D87112 /* PlayMusic.m */ = {isa = PBXFileReference; fileEncoding = 4; lastKnownFileType = sourcecode.c.objc; path = PlayMusic.m; sourceTree = "<group>"; };
		21ABD7011A35A3FE00D87112 /* AFHTTPRequestOperation.h */ = {isa = PBXFileReference; fileEncoding = 4; lastKnownFileType = sourcecode.c.h; path = AFHTTPRequestOperation.h; sourceTree = "<group>"; };
		21ABD7021A35A3FE00D87112 /* AFHTTPRequestOperation.m */ = {isa = PBXFileReference; fileEncoding = 4; lastKnownFileType = sourcecode.c.objc; path = AFHTTPRequestOperation.m; sourceTree = "<group>"; };
		21ABD7031A35A3FE00D87112 /* AFHTTPRequestOperationManager.h */ = {isa = PBXFileReference; fileEncoding = 4; lastKnownFileType = sourcecode.c.h; path = AFHTTPRequestOperationManager.h; sourceTree = "<group>"; };
		21ABD7041A35A3FE00D87112 /* AFHTTPRequestOperationManager.m */ = {isa = PBXFileReference; fileEncoding = 4; lastKnownFileType = sourcecode.c.objc; path = AFHTTPRequestOperationManager.m; sourceTree = "<group>"; };
		21ABD7051A35A3FE00D87112 /* AFHTTPSessionManager.h */ = {isa = PBXFileReference; fileEncoding = 4; lastKnownFileType = sourcecode.c.h; path = AFHTTPSessionManager.h; sourceTree = "<group>"; };
		21ABD7061A35A3FE00D87112 /* AFHTTPSessionManager.m */ = {isa = PBXFileReference; fileEncoding = 4; lastKnownFileType = sourcecode.c.objc; path = AFHTTPSessionManager.m; sourceTree = "<group>"; };
		21ABD7071A35A3FE00D87112 /* AFNetworking.h */ = {isa = PBXFileReference; fileEncoding = 4; lastKnownFileType = sourcecode.c.h; path = AFNetworking.h; sourceTree = "<group>"; };
		21ABD7081A35A3FE00D87112 /* AFNetworkReachabilityManager.h */ = {isa = PBXFileReference; fileEncoding = 4; lastKnownFileType = sourcecode.c.h; path = AFNetworkReachabilityManager.h; sourceTree = "<group>"; };
		21ABD7091A35A3FE00D87112 /* AFNetworkReachabilityManager.m */ = {isa = PBXFileReference; fileEncoding = 4; lastKnownFileType = sourcecode.c.objc; path = AFNetworkReachabilityManager.m; sourceTree = "<group>"; };
		21ABD70A1A35A3FE00D87112 /* AFSecurityPolicy.h */ = {isa = PBXFileReference; fileEncoding = 4; lastKnownFileType = sourcecode.c.h; path = AFSecurityPolicy.h; sourceTree = "<group>"; };
		21ABD70B1A35A3FE00D87112 /* AFSecurityPolicy.m */ = {isa = PBXFileReference; fileEncoding = 4; lastKnownFileType = sourcecode.c.objc; path = AFSecurityPolicy.m; sourceTree = "<group>"; };
		21ABD70C1A35A3FE00D87112 /* AFURLConnectionOperation.h */ = {isa = PBXFileReference; fileEncoding = 4; lastKnownFileType = sourcecode.c.h; path = AFURLConnectionOperation.h; sourceTree = "<group>"; };
		21ABD70D1A35A3FE00D87112 /* AFURLConnectionOperation.m */ = {isa = PBXFileReference; fileEncoding = 4; lastKnownFileType = sourcecode.c.objc; path = AFURLConnectionOperation.m; sourceTree = "<group>"; };
		21ABD70E1A35A3FE00D87112 /* AFURLRequestSerialization.h */ = {isa = PBXFileReference; fileEncoding = 4; lastKnownFileType = sourcecode.c.h; path = AFURLRequestSerialization.h; sourceTree = "<group>"; };
		21ABD70F1A35A3FE00D87112 /* AFURLRequestSerialization.m */ = {isa = PBXFileReference; fileEncoding = 4; lastKnownFileType = sourcecode.c.objc; path = AFURLRequestSerialization.m; sourceTree = "<group>"; };
		21ABD7101A35A3FE00D87112 /* AFURLResponseSerialization.h */ = {isa = PBXFileReference; fileEncoding = 4; lastKnownFileType = sourcecode.c.h; path = AFURLResponseSerialization.h; sourceTree = "<group>"; };
		21ABD7111A35A3FE00D87112 /* AFURLResponseSerialization.m */ = {isa = PBXFileReference; fileEncoding = 4; lastKnownFileType = sourcecode.c.objc; path = AFURLResponseSerialization.m; sourceTree = "<group>"; };
		21ABD7121A35A3FE00D87112 /* AFURLSessionManager.h */ = {isa = PBXFileReference; fileEncoding = 4; lastKnownFileType = sourcecode.c.h; path = AFURLSessionManager.h; sourceTree = "<group>"; };
		21ABD7131A35A3FE00D87112 /* AFURLSessionManager.m */ = {isa = PBXFileReference; fileEncoding = 4; lastKnownFileType = sourcecode.c.objc; path = AFURLSessionManager.m; sourceTree = "<group>"; };
		21ABD71E1A35BD8C00D87112 /* AFNetworkActivityIndicatorManager.h */ = {isa = PBXFileReference; fileEncoding = 4; lastKnownFileType = sourcecode.c.h; path = AFNetworkActivityIndicatorManager.h; sourceTree = "<group>"; };
		21ABD71F1A35BD8C00D87112 /* AFNetworkActivityIndicatorManager.m */ = {isa = PBXFileReference; fileEncoding = 4; lastKnownFileType = sourcecode.c.objc; path = AFNetworkActivityIndicatorManager.m; sourceTree = "<group>"; };
		21ABD7201A35BD8C00D87112 /* UIActivityIndicatorView+AFNetworking.h */ = {isa = PBXFileReference; fileEncoding = 4; lastKnownFileType = sourcecode.c.h; path = "UIActivityIndicatorView+AFNetworking.h"; sourceTree = "<group>"; };
		21ABD7211A35BD8C00D87112 /* UIActivityIndicatorView+AFNetworking.m */ = {isa = PBXFileReference; fileEncoding = 4; lastKnownFileType = sourcecode.c.objc; path = "UIActivityIndicatorView+AFNetworking.m"; sourceTree = "<group>"; };
		21ABD7221A35BD8C00D87112 /* UIAlertView+AFNetworking.h */ = {isa = PBXFileReference; fileEncoding = 4; lastKnownFileType = sourcecode.c.h; path = "UIAlertView+AFNetworking.h"; sourceTree = "<group>"; };
		21ABD7231A35BD8C00D87112 /* UIAlertView+AFNetworking.m */ = {isa = PBXFileReference; fileEncoding = 4; lastKnownFileType = sourcecode.c.objc; path = "UIAlertView+AFNetworking.m"; sourceTree = "<group>"; };
		21ABD7241A35BD8C00D87112 /* UIButton+AFNetworking.h */ = {isa = PBXFileReference; fileEncoding = 4; lastKnownFileType = sourcecode.c.h; path = "UIButton+AFNetworking.h"; sourceTree = "<group>"; };
		21ABD7251A35BD8C00D87112 /* UIButton+AFNetworking.m */ = {isa = PBXFileReference; fileEncoding = 4; lastKnownFileType = sourcecode.c.objc; path = "UIButton+AFNetworking.m"; sourceTree = "<group>"; };
		21ABD7261A35BD8C00D87112 /* UIImageView+AFNetworking.h */ = {isa = PBXFileReference; fileEncoding = 4; lastKnownFileType = sourcecode.c.h; path = "UIImageView+AFNetworking.h"; sourceTree = "<group>"; };
		21ABD7271A35BD8C00D87112 /* UIImageView+AFNetworking.m */ = {isa = PBXFileReference; fileEncoding = 4; lastKnownFileType = sourcecode.c.objc; path = "UIImageView+AFNetworking.m"; sourceTree = "<group>"; };
		21ABD7281A35BD8C00D87112 /* UIKit+AFNetworking.h */ = {isa = PBXFileReference; fileEncoding = 4; lastKnownFileType = sourcecode.c.h; path = "UIKit+AFNetworking.h"; sourceTree = "<group>"; };
		21ABD7291A35BD8C00D87112 /* UIProgressView+AFNetworking.h */ = {isa = PBXFileReference; fileEncoding = 4; lastKnownFileType = sourcecode.c.h; path = "UIProgressView+AFNetworking.h"; sourceTree = "<group>"; };
		21ABD72A1A35BD8C00D87112 /* UIProgressView+AFNetworking.m */ = {isa = PBXFileReference; fileEncoding = 4; lastKnownFileType = sourcecode.c.objc; path = "UIProgressView+AFNetworking.m"; sourceTree = "<group>"; };
		21ABD72B1A35BD8C00D87112 /* UIRefreshControl+AFNetworking.h */ = {isa = PBXFileReference; fileEncoding = 4; lastKnownFileType = sourcecode.c.h; path = "UIRefreshControl+AFNetworking.h"; sourceTree = "<group>"; };
		21ABD72C1A35BD8C00D87112 /* UIRefreshControl+AFNetworking.m */ = {isa = PBXFileReference; fileEncoding = 4; lastKnownFileType = sourcecode.c.objc; path = "UIRefreshControl+AFNetworking.m"; sourceTree = "<group>"; };
		21ABD72D1A35BD8C00D87112 /* UIWebView+AFNetworking.h */ = {isa = PBXFileReference; fileEncoding = 4; lastKnownFileType = sourcecode.c.h; path = "UIWebView+AFNetworking.h"; sourceTree = "<group>"; };
		21ABD72E1A35BD8C00D87112 /* UIWebView+AFNetworking.m */ = {isa = PBXFileReference; fileEncoding = 4; lastKnownFileType = sourcecode.c.objc; path = "UIWebView+AFNetworking.m"; sourceTree = "<group>"; };
		21BBDE521A300CE90018FDB6 /* DBRadio.app */ = {isa = PBXFileReference; explicitFileType = wrapper.application; includeInIndex = 0; path = DBRadio.app; sourceTree = BUILT_PRODUCTS_DIR; };
		21BBDE561A300CE90018FDB6 /* Info.plist */ = {isa = PBXFileReference; lastKnownFileType = text.plist.xml; path = Info.plist; sourceTree = "<group>"; };
		21BBDE571A300CE90018FDB6 /* main.m */ = {isa = PBXFileReference; lastKnownFileType = sourcecode.c.objc; path = main.m; sourceTree = "<group>"; };
		21BBDE591A300CE90018FDB6 /* AppDelegate.h */ = {isa = PBXFileReference; lastKnownFileType = sourcecode.c.h; path = AppDelegate.h; sourceTree = "<group>"; };
		21BBDE5A1A300CE90018FDB6 /* AppDelegate.m */ = {isa = PBXFileReference; lastKnownFileType = sourcecode.c.objc; path = AppDelegate.m; sourceTree = "<group>"; };
		21BBDE5C1A300CE90018FDB6 /* ViewController.h */ = {isa = PBXFileReference; lastKnownFileType = sourcecode.c.h; path = ViewController.h; sourceTree = "<group>"; };
		21BBDE5D1A300CE90018FDB6 /* ViewController.m */ = {isa = PBXFileReference; lastKnownFileType = sourcecode.c.objc; path = ViewController.m; sourceTree = "<group>"; };
		21BBDE621A300CE90018FDB6 /* Images.xcassets */ = {isa = PBXFileReference; lastKnownFileType = folder.assetcatalog; path = Images.xcassets; sourceTree = "<group>"; };
		21BBDE651A300CE90018FDB6 /* Base */ = {isa = PBXFileReference; lastKnownFileType = file.xib; name = Base; path = Base.lproj/LaunchScreen.xib; sourceTree = "<group>"; };
		21BBDE6B1A300CE90018FDB6 /* DBRadioTests.xctest */ = {isa = PBXFileReference; explicitFileType = wrapper.cfbundle; includeInIndex = 0; path = DBRadioTests.xctest; sourceTree = BUILT_PRODUCTS_DIR; };
		21BBDE701A300CE90018FDB6 /* Info.plist */ = {isa = PBXFileReference; lastKnownFileType = text.plist.xml; path = Info.plist; sourceTree = "<group>"; };
		21BBDE711A300CE90018FDB6 /* DBRadioTests.m */ = {isa = PBXFileReference; lastKnownFileType = sourcecode.c.objc; path = DBRadioTests.m; sourceTree = "<group>"; };
		21BBDE8B1A3032C80018FDB6 /* manager.h */ = {isa = PBXFileReference; fileEncoding = 4; lastKnownFileType = sourcecode.c.h; name = manager.h; path = manager/manager.h; sourceTree = "<group>"; };
		21BBDE8C1A3032C80018FDB6 /* manager.m */ = {isa = PBXFileReference; fileEncoding = 4; lastKnownFileType = sourcecode.c.objc; name = manager.m; path = manager/manager.m; sourceTree = "<group>"; };
/* End PBXFileReference section */

/* Begin PBXFrameworksBuildPhase section */
		21BBDE4F1A300CE90018FDB6 /* Frameworks */ = {
			isa = PBXFrameworksBuildPhase;
			buildActionMask = 2147483647;
			files = (
			);
			runOnlyForDeploymentPostprocessing = 0;
		};
		21BBDE681A300CE90018FDB6 /* Frameworks */ = {
			isa = PBXFrameworksBuildPhase;
			buildActionMask = 2147483647;
			files = (
			);
			runOnlyForDeploymentPostprocessing = 0;
		};
/* End PBXFrameworksBuildPhase section */

/* Begin PBXGroup section */
		2157EFDC1A31DA77008D5CFE /* View */ = {
			isa = PBXGroup;
			children = (
				2157EFB81A317A5C008D5CFE /* Main.storyboard */,
			);
			name = View;
			sourceTree = "<group>";
		};
		2157EFDD1A31DA83008D5CFE /* ViewController */ = {
			isa = PBXGroup;
			children = (
				21BBDE5C1A300CE90018FDB6 /* ViewController.h */,
				21BBDE5D1A300CE90018FDB6 /* ViewController.m */,
				2157EFBB1A317BCB008D5CFE /* ListViewController.h */,
				2157EFBC1A317BCB008D5CFE /* ListViewController.m */,
			);
			name = ViewController;
			sourceTree = "<group>";
		};
		2157EFDE1A31DAA0008D5CFE /* Manager */ = {
			isa = PBXGroup;
			children = (
				21BBDE8B1A3032C80018FDB6 /* manager.h */,
				21BBDE8C1A3032C80018FDB6 /* manager.m */,
				21ABD6E91A32A85100D87112 /* PlayMusic.h */,
				21ABD6EA1A32A85100D87112 /* PlayMusic.m */,
			);
			name = Manager;
			sourceTree = "<group>";
		};
		21ABD7001A35A3FE00D87112 /* AFNetworking */ = {
			isa = PBXGroup;
			children = (
				21ABD7011A35A3FE00D87112 /* AFHTTPRequestOperation.h */,
				21ABD7021A35A3FE00D87112 /* AFHTTPRequestOperation.m */,
				21ABD7031A35A3FE00D87112 /* AFHTTPRequestOperationManager.h */,
				21ABD7041A35A3FE00D87112 /* AFHTTPRequestOperationManager.m */,
				21ABD7051A35A3FE00D87112 /* AFHTTPSessionManager.h */,
				21ABD7061A35A3FE00D87112 /* AFHTTPSessionManager.m */,
				21ABD7071A35A3FE00D87112 /* AFNetworking.h */,
				21ABD7081A35A3FE00D87112 /* AFNetworkReachabilityManager.h */,
				21ABD7091A35A3FE00D87112 /* AFNetworkReachabilityManager.m */,
				21ABD70A1A35A3FE00D87112 /* AFSecurityPolicy.h */,
				21ABD70B1A35A3FE00D87112 /* AFSecurityPolicy.m */,
				21ABD70C1A35A3FE00D87112 /* AFURLConnectionOperation.h */,
				21ABD70D1A35A3FE00D87112 /* AFURLConnectionOperation.m */,
				21ABD70E1A35A3FE00D87112 /* AFURLRequestSerialization.h */,
				21ABD70F1A35A3FE00D87112 /* AFURLRequestSerialization.m */,
				21ABD7101A35A3FE00D87112 /* AFURLResponseSerialization.h */,
				21ABD7111A35A3FE00D87112 /* AFURLResponseSerialization.m */,
				21ABD7121A35A3FE00D87112 /* AFURLSessionManager.h */,
				21ABD7131A35A3FE00D87112 /* AFURLSessionManager.m */,
			);
			path = AFNetworking;
			sourceTree = "<group>";
		};
		21ABD71D1A35BD8C00D87112 /* UIKit+AFNetworking */ = {
			isa = PBXGroup;
			children = (
				21ABD71E1A35BD8C00D87112 /* AFNetworkActivityIndicatorManager.h */,
				21ABD71F1A35BD8C00D87112 /* AFNetworkActivityIndicatorManager.m */,
				21ABD7201A35BD8C00D87112 /* UIActivityIndicatorView+AFNetworking.h */,
				21ABD7211A35BD8C00D87112 /* UIActivityIndicatorView+AFNetworking.m */,
				21ABD7221A35BD8C00D87112 /* UIAlertView+AFNetworking.h */,
				21ABD7231A35BD8C00D87112 /* UIAlertView+AFNetworking.m */,
				21ABD7241A35BD8C00D87112 /* UIButton+AFNetworking.h */,
				21ABD7251A35BD8C00D87112 /* UIButton+AFNetworking.m */,
				21ABD7261A35BD8C00D87112 /* UIImageView+AFNetworking.h */,
				21ABD7271A35BD8C00D87112 /* UIImageView+AFNetworking.m */,
				21ABD7281A35BD8C00D87112 /* UIKit+AFNetworking.h */,
				21ABD7291A35BD8C00D87112 /* UIProgressView+AFNetworking.h */,
				21ABD72A1A35BD8C00D87112 /* UIProgressView+AFNetworking.m */,
				21ABD72B1A35BD8C00D87112 /* UIRefreshControl+AFNetworking.h */,
				21ABD72C1A35BD8C00D87112 /* UIRefreshControl+AFNetworking.m */,
				21ABD72D1A35BD8C00D87112 /* UIWebView+AFNetworking.h */,
				21ABD72E1A35BD8C00D87112 /* UIWebView+AFNetworking.m */,
			);
			name = "UIKit+AFNetworking";
			path = "AFNetworking/UIKit+AFNetworking";
			sourceTree = "<group>";
		};
		21BBDE491A300CE90018FDB6 = {
			isa = PBXGroup;
			children = (
				21BBDE541A300CE90018FDB6 /* DBRadio */,
				21BBDE6E1A300CE90018FDB6 /* DBRadioTests */,
				21BBDE531A300CE90018FDB6 /* Products */,
			);
			sourceTree = "<group>";
		};
		21BBDE531A300CE90018FDB6 /* Products */ = {
			isa = PBXGroup;
			children = (
				21BBDE521A300CE90018FDB6 /* DBRadio.app */,
				21BBDE6B1A300CE90018FDB6 /* DBRadioTests.xctest */,
			);
			name = Products;
			sourceTree = "<group>";
		};
		21BBDE541A300CE90018FDB6 /* DBRadio */ = {
			isa = PBXGroup;
			children = (
				21ABD71D1A35BD8C00D87112 /* UIKit+AFNetworking */,
				21ABD7001A35A3FE00D87112 /* AFNetworking */,
				2157EFDE1A31DAA0008D5CFE /* Manager */,
				2157EFDC1A31DA77008D5CFE /* View */,
				2157EFDD1A31DA83008D5CFE /* ViewController */,
				21BBDE621A300CE90018FDB6 /* Images.xcassets */,
				21BBDE641A300CE90018FDB6 /* LaunchScreen.xib */,
				21BBDE551A300CE90018FDB6 /* Supporting Files */,
				21BBDE8E1A3032CF0018FDB6 /* manager */,
			);
			path = DBRadio;
			sourceTree = "<group>";
		};
		21BBDE551A300CE90018FDB6 /* Supporting Files */ = {
			isa = PBXGroup;
			children = (
				21BBDE591A300CE90018FDB6 /* AppDelegate.h */,
				21BBDE5A1A300CE90018FDB6 /* AppDelegate.m */,
				21BBDE561A300CE90018FDB6 /* Info.plist */,
				21BBDE571A300CE90018FDB6 /* main.m */,
			);
			name = "Supporting Files";
			sourceTree = "<group>";
		};
		21BBDE6E1A300CE90018FDB6 /* DBRadioTests */ = {
			isa = PBXGroup;
			children = (
				21BBDE711A300CE90018FDB6 /* DBRadioTests.m */,
				21BBDE6F1A300CE90018FDB6 /* Supporting Files */,
			);
			path = DBRadioTests;
			sourceTree = "<group>";
		};
		21BBDE6F1A300CE90018FDB6 /* Supporting Files */ = {
			isa = PBXGroup;
			children = (
				21BBDE701A300CE90018FDB6 /* Info.plist */,
			);
			name = "Supporting Files";
			sourceTree = "<group>";
		};
		21BBDE8E1A3032CF0018FDB6 /* manager */ = {
			isa = PBXGroup;
			children = (
			);
			name = manager;
			sourceTree = "<group>";
		};
/* End PBXGroup section */

/* Begin PBXNativeTarget section */
		21BBDE511A300CE90018FDB6 /* DBRadio */ = {
			isa = PBXNativeTarget;
			buildConfigurationList = 21BBDE751A300CE90018FDB6 /* Build configuration list for PBXNativeTarget "DBRadio" */;
			buildPhases = (
				21BBDE4E1A300CE90018FDB6 /* Sources */,
				21BBDE4F1A300CE90018FDB6 /* Frameworks */,
				21BBDE501A300CE90018FDB6 /* Resources */,
			);
			buildRules = (
			);
			dependencies = (
			);
			name = DBRadio;
			productName = DBRadio;
			productReference = 21BBDE521A300CE90018FDB6 /* DBRadio.app */;
			productType = "com.apple.product-type.application";
		};
		21BBDE6A1A300CE90018FDB6 /* DBRadioTests */ = {
			isa = PBXNativeTarget;
			buildConfigurationList = 21BBDE781A300CE90018FDB6 /* Build configuration list for PBXNativeTarget "DBRadioTests" */;
			buildPhases = (
				21BBDE671A300CE90018FDB6 /* Sources */,
				21BBDE681A300CE90018FDB6 /* Frameworks */,
				21BBDE691A300CE90018FDB6 /* Resources */,
			);
			buildRules = (
			);
			dependencies = (
				21BBDE6D1A300CE90018FDB6 /* PBXTargetDependency */,
			);
			name = DBRadioTests;
			productName = DBRadioTests;
			productReference = 21BBDE6B1A300CE90018FDB6 /* DBRadioTests.xctest */;
			productType = "com.apple.product-type.bundle.unit-test";
		};
/* End PBXNativeTarget section */

/* Begin PBXProject section */
		21BBDE4A1A300CE90018FDB6 /* Project object */ = {
			isa = PBXProject;
			attributes = {
				LastUpgradeCheck = 0610;
				ORGANIZATIONNAME = pan;
				TargetAttributes = {
					21BBDE511A300CE90018FDB6 = {
						CreatedOnToolsVersion = 6.1;
					};
					21BBDE6A1A300CE90018FDB6 = {
						CreatedOnToolsVersion = 6.1;
						TestTargetID = 21BBDE511A300CE90018FDB6;
					};
				};
			};
			buildConfigurationList = 21BBDE4D1A300CE90018FDB6 /* Build configuration list for PBXProject "DBRadio" */;
			compatibilityVersion = "Xcode 3.2";
			developmentRegion = English;
			hasScannedForEncodings = 0;
			knownRegions = (
				en,
				Base,
			);
			mainGroup = 21BBDE491A300CE90018FDB6;
			productRefGroup = 21BBDE531A300CE90018FDB6 /* Products */;
			projectDirPath = "";
			projectRoot = "";
			targets = (
				21BBDE511A300CE90018FDB6 /* DBRadio */,
				21BBDE6A1A300CE90018FDB6 /* DBRadioTests */,
			);
		};
/* End PBXProject section */

/* Begin PBXResourcesBuildPhase section */
		21BBDE501A300CE90018FDB6 /* Resources */ = {
			isa = PBXResourcesBuildPhase;
			buildActionMask = 2147483647;
			files = (
				2157EFBA1A317A5C008D5CFE /* Main.storyboard in Resources */,
				21BBDE661A300CE90018FDB6 /* LaunchScreen.xib in Resources */,
				21BBDE631A300CE90018FDB6 /* Images.xcassets in Resources */,
			);
			runOnlyForDeploymentPostprocessing = 0;
		};
		21BBDE691A300CE90018FDB6 /* Resources */ = {
			isa = PBXResourcesBuildPhase;
			buildActionMask = 2147483647;
			files = (
			);
			runOnlyForDeploymentPostprocessing = 0;
		};
/* End PBXResourcesBuildPhase section */

/* Begin PBXSourcesBuildPhase section */
		21BBDE4E1A300CE90018FDB6 /* Sources */ = {
			isa = PBXSourcesBuildPhase;
			buildActionMask = 2147483647;
			files = (
				21ABD71C1A35A3FE00D87112 /* AFURLSessionManager.m in Sources */,
				2157EFBD1A317BCB008D5CFE /* ListViewController.m in Sources */,
				21ABD6EB1A32A85100D87112 /* PlayMusic.m in Sources */,
				21ABD7171A35A3FE00D87112 /* AFNetworkReachabilityManager.m in Sources */,
				21ABD72F1A35BD8C00D87112 /* AFNetworkActivityIndicatorManager.m in Sources */,
				21BBDE5E1A300CE90018FDB6 /* ViewController.m in Sources */,
				21ABD7191A35A3FE00D87112 /* AFURLConnectionOperation.m in Sources */,
				21ABD7341A35BD8C00D87112 /* UIProgressView+AFNetworking.m in Sources */,
				21ABD7161A35A3FE00D87112 /* AFHTTPSessionManager.m in Sources */,
				21ABD71A1A35A3FE00D87112 /* AFURLRequestSerialization.m in Sources */,
				21BBDE5B1A300CE90018FDB6 /* AppDelegate.m in Sources */,
				21ABD7321A35BD8C00D87112 /* UIButton+AFNetworking.m in Sources */,
				21ABD7331A35BD8C00D87112 /* UIImageView+AFNetworking.m in Sources */,
				21BBDE581A300CE90018FDB6 /* main.m in Sources */,
				21BBDE8D1A3032C80018FDB6 /* manager.m in Sources */,
				21ABD7311A35BD8C00D87112 /* UIAlertView+AFNetworking.m in Sources */,
				21ABD7361A35BD8C00D87112 /* UIWebView+AFNetworking.m in Sources */,
				21ABD7301A35BD8C00D87112 /* UIActivityIndicatorView+AFNetworking.m in Sources */,
				21ABD7151A35A3FE00D87112 /* AFHTTPRequestOperationManager.m in Sources */,
				21ABD7351A35BD8C00D87112 /* UIRefreshControl+AFNetworking.m in Sources */,
				21ABD7181A35A3FE00D87112 /* AFSecurityPolicy.m in Sources */,
				21ABD71B1A35A3FE00D87112 /* AFURLResponseSerialization.m in Sources */,
				21ABD7141A35A3FE00D87112 /* AFHTTPRequestOperation.m in Sources */,
			);
			runOnlyForDeploymentPostprocessing = 0;
		};
		21BBDE671A300CE90018FDB6 /* Sources */ = {
			isa = PBXSourcesBuildPhase;
			buildActionMask = 2147483647;
			files = (
				21BBDE721A300CE90018FDB6 /* DBRadioTests.m in Sources */,
			);
			runOnlyForDeploymentPostprocessing = 0;
		};
/* End PBXSourcesBuildPhase section */

/* Begin PBXTargetDependency section */
		21BBDE6D1A300CE90018FDB6 /* PBXTargetDependency */ = {
			isa = PBXTargetDependency;
			target = 21BBDE511A300CE90018FDB6 /* DBRadio */;
			targetProxy = 21BBDE6C1A300CE90018FDB6 /* PBXContainerItemProxy */;
		};
/* End PBXTargetDependency section */

/* Begin PBXVariantGroup section */
		2157EFB81A317A5C008D5CFE /* Main.storyboard */ = {
			isa = PBXVariantGroup;
			children = (
				2157EFB91A317A5C008D5CFE /* Base */,
			);
			name = Main.storyboard;
			sourceTree = "<group>";
		};
		21BBDE641A300CE90018FDB6 /* LaunchScreen.xib */ = {
			isa = PBXVariantGroup;
			children = (
				21BBDE651A300CE90018FDB6 /* Base */,
			);
			name = LaunchScreen.xib;
			sourceTree = "<group>";
		};
/* End PBXVariantGroup section */

/* Begin XCBuildConfiguration section */
		21BBDE731A300CE90018FDB6 /* Debug */ = {
			isa = XCBuildConfiguration;
			buildSettings = {
				ALWAYS_SEARCH_USER_PATHS = NO;
				CLANG_CXX_LANGUAGE_STANDARD = "gnu++0x";
				CLANG_CXX_LIBRARY = "libc++";
				CLANG_ENABLE_MODULES = YES;
				CLANG_ENABLE_OBJC_ARC = YES;
				CLANG_WARN_BOOL_CONVERSION = YES;
				CLANG_WARN_CONSTANT_CONVERSION = YES;
				CLANG_WARN_DIRECT_OBJC_ISA_USAGE = YES_ERROR;
				CLANG_WARN_EMPTY_BODY = YES;
				CLANG_WARN_ENUM_CONVERSION = YES;
				CLANG_WARN_INT_CONVERSION = YES;
				CLANG_WARN_OBJC_ROOT_CLASS = YES_ERROR;
				CLANG_WARN_UNREACHABLE_CODE = YES;
				CLANG_WARN__DUPLICATE_METHOD_MATCH = YES;
				"CODE_SIGN_IDENTITY[sdk=iphoneos*]" = "iPhone Developer";
				COPY_PHASE_STRIP = NO;
				ENABLE_STRICT_OBJC_MSGSEND = YES;
				GCC_C_LANGUAGE_STANDARD = gnu99;
				GCC_DYNAMIC_NO_PIC = NO;
				GCC_OPTIMIZATION_LEVEL = 0;
				GCC_PREPROCESSOR_DEFINITIONS = (
					"DEBUG=1",
					"$(inherited)",
				);
				GCC_SYMBOLS_PRIVATE_EXTERN = NO;
				GCC_WARN_64_TO_32_BIT_CONVERSION = YES;
				GCC_WARN_ABOUT_RETURN_TYPE = YES_ERROR;
				GCC_WARN_UNDECLARED_SELECTOR = YES;
				GCC_WARN_UNINITIALIZED_AUTOS = YES_AGGRESSIVE;
				GCC_WARN_UNUSED_FUNCTION = YES;
				GCC_WARN_UNUSED_VARIABLE = YES;
				IPHONEOS_DEPLOYMENT_TARGET = 8.1;
				MTL_ENABLE_DEBUG_INFO = YES;
				ONLY_ACTIVE_ARCH = YES;
				SDKROOT = iphoneos;
			};
			name = Debug;
		};
		21BBDE741A300CE90018FDB6 /* Release */ = {
			isa = XCBuildConfiguration;
			buildSettings = {
				ALWAYS_SEARCH_USER_PATHS = NO;
				CLANG_CXX_LANGUAGE_STANDARD = "gnu++0x";
				CLANG_CXX_LIBRARY = "libc++";
				CLANG_ENABLE_MODULES = YES;
				CLANG_ENABLE_OBJC_ARC = YES;
				CLANG_WARN_BOOL_CONVERSION = YES;
				CLANG_WARN_CONSTANT_CONVERSION = YES;
				CLANG_WARN_DIRECT_OBJC_ISA_USAGE = YES_ERROR;
				CLANG_WARN_EMPTY_BODY = YES;
				CLANG_WARN_ENUM_CONVERSION = YES;
				CLANG_WARN_INT_CONVERSION = YES;
				CLANG_WARN_OBJC_ROOT_CLASS = YES_ERROR;
				CLANG_WARN_UNREACHABLE_CODE = YES;
				CLANG_WARN__DUPLICATE_METHOD_MATCH = YES;
				"CODE_SIGN_IDENTITY[sdk=iphoneos*]" = "iPhone Developer";
				COPY_PHASE_STRIP = YES;
				ENABLE_NS_ASSERTIONS = NO;
				ENABLE_STRICT_OBJC_MSGSEND = YES;
				GCC_C_LANGUAGE_STANDARD = gnu99;
				GCC_WARN_64_TO_32_BIT_CONVERSION = YES;
				GCC_WARN_ABOUT_RETURN_TYPE = YES_ERROR;
				GCC_WARN_UNDECLARED_SELECTOR = YES;
				GCC_WARN_UNINITIALIZED_AUTOS = YES_AGGRESSIVE;
				GCC_WARN_UNUSED_FUNCTION = YES;
				GCC_WARN_UNUSED_VARIABLE = YES;
				IPHONEOS_DEPLOYMENT_TARGET = 8.1;
				MTL_ENABLE_DEBUG_INFO = NO;
				SDKROOT = iphoneos;
				VALIDATE_PRODUCT = YES;
			};
			name = Release;
		};
		21BBDE761A300CE90018FDB6 /* Debug */ = {
			isa = XCBuildConfiguration;
			buildSettings = {
				ASSETCATALOG_COMPILER_APPICON_NAME = AppIcon;
				INFOPLIST_FILE = DBRadio/Info.plist;
				LD_RUNPATH_SEARCH_PATHS = "$(inherited) @executable_path/Frameworks";
				PRODUCT_NAME = "$(TARGET_NAME)";
				TARGETED_DEVICE_FAMILY = 1;
			};
			name = Debug;
		};
		21BBDE771A300CE90018FDB6 /* Release */ = {
			isa = XCBuildConfiguration;
			buildSettings = {
				ASSETCATALOG_COMPILER_APPICON_NAME = AppIcon;
				INFOPLIST_FILE = DBRadio/Info.plist;
				LD_RUNPATH_SEARCH_PATHS = "$(inherited) @executable_path/Frameworks";
				PRODUCT_NAME = "$(TARGET_NAME)";
				TARGETED_DEVICE_FAMILY = 1;
			};
			name = Release;
		};
		21BBDE791A300CE90018FDB6 /* Debug */ = {
			isa = XCBuildConfiguration;
			buildSettings = {
				BUNDLE_LOADER = "$(TEST_HOST)";
				FRAMEWORK_SEARCH_PATHS = (
					"$(SDKROOT)/Developer/Library/Frameworks",
					"$(inherited)",
				);
				GCC_PREPROCESSOR_DEFINITIONS = (
					"DEBUG=1",
					"$(inherited)",
				);
				INFOPLIST_FILE = DBRadioTests/Info.plist;
				LD_RUNPATH_SEARCH_PATHS = "$(inherited) @executable_path/Frameworks @loader_path/Frameworks";
				PRODUCT_NAME = "$(TARGET_NAME)";
				TEST_HOST = "$(BUILT_PRODUCTS_DIR)/DBRadio.app/DBRadio";
			};
			name = Debug;
		};
		21BBDE7A1A300CE90018FDB6 /* Release */ = {
			isa = XCBuildConfiguration;
			buildSettings = {
				BUNDLE_LOADER = "$(TEST_HOST)";
				FRAMEWORK_SEARCH_PATHS = (
					"$(SDKROOT)/Developer/Library/Frameworks",
					"$(inherited)",
				);
				INFOPLIST_FILE = DBRadioTests/Info.plist;
				LD_RUNPATH_SEARCH_PATHS = "$(inherited) @executable_path/Frameworks @loader_path/Frameworks";
				PRODUCT_NAME = "$(TARGET_NAME)";
				TEST_HOST = "$(BUILT_PRODUCTS_DIR)/DBRadio.app/DBRadio";
			};
			name = Release;
		};
/* End XCBuildConfiguration section */

/* Begin XCConfigurationList section */
		21BBDE4D1A300CE90018FDB6 /* Build configuration list for PBXProject "DBRadio" */ = {
			isa = XCConfigurationList;
			buildConfigurations = (
				21BBDE731A300CE90018FDB6 /* Debug */,
				21BBDE741A300CE90018FDB6 /* Release */,
			);
			defaultConfigurationIsVisible = 0;
			defaultConfigurationName = Release;
		};
		21BBDE751A300CE90018FDB6 /* Build configuration list for PBXNativeTarget "DBRadio" */ = {
			isa = XCConfigurationList;
			buildConfigurations = (
				21BBDE761A300CE90018FDB6 /* Debug */,
				21BBDE771A300CE90018FDB6 /* Release */,
			);
			defaultConfigurationIsVisible = 0;
			defaultConfigurationName = Release;
		};
		21BBDE781A300CE90018FDB6 /* Build configuration list for PBXNativeTarget "DBRadioTests" */ = {
			isa = XCConfigurationList;
			buildConfigurations = (
				21BBDE791A300CE90018FDB6 /* Debug */,
				21BBDE7A1A300CE90018FDB6 /* Release */,
			);
			defaultConfigurationIsVisible = 0;
			defaultConfigurationName = Release;
		};
/* End XCConfigurationList section */
	};
	rootObject = 21BBDE4A1A300CE90018FDB6 /* Project object */;
}
